# THIS IS AN AUTOGENERATED FILE. DO NOT EDIT THIS FILE DIRECTLY.
# yarn lockfile v1


react_ujs@^2.6.0, react_ujs@^2.6.1:
  version "2.6.1"
  resolved "https://registry.yarnpkg.com/react_ujs/-/react_ujs-2.6.1.tgz#a202a33c95c9e2bb18ab56926b7e79f3325ec855"
  integrity sha512-9M33/A8cubStkZ2cpJSimcTD0RlCWiqXF6e90IQmMw/Caf/W0dtAzOtHtiQE3JjLbt/nhRR7NLPxMfnlm141ig==
  dependencies:
    react_ujs "^2.6.0"
